
Microsoft Visual Studio Solution File, Format Version 12.00
# Visual Studio 15
VisualStudioVersion = 15.0.27428.2043
MinimumVisualStudioVersion = 10.0.40219.1
Project("{FAE04EC0-301F-11D3-BF4B-00C04F79EFBC}") = "LoLImageAnalysis", "LoLImageAnalysis\LoLImageAnalysis.csproj", "{5AE9393F-DA6F-4BFA-9E0F-ADA00E55F3CF}"
EndProject
Global
	GlobalSection(SolutionConfigurationPlatforms) = preSolution
		Debug|Any CPU = Debug|Any CPU
		Release|Any CPU = Release|Any CPU
	EndGlobalSection
	GlobalSection(ProjectConfigurationPlatforms) = postSolution
		{5AE9393F-DA6F-4BFA-9E0F-ADA00E55F3CF}.Debug|Any CPU.ActiveCfg = Debug|Any CPU
		{5AE9393F-DA6F-4BFA-9E0F-ADA00E55F3CF}.Debug|Any CPU.Build.0 = Debug|Any CPU
		{5AE9393F-DA6F-4BFA-9E0F-ADA00E55F3CF}.Release|Any CPU.ActiveCfg = Release|Any CPU
		{5AE9393F-DA6F-4BFA-9E0F-ADA00E55F3CF}.Release|Any CPU.Build.0 = Release|Any CPU
	EndGlobalSection
	GlobalSection(SolutionProperties) = preSolution
		HideSolutionNode = FALSE
	EndGlobalSection
	GlobalSection(ExtensibilityGlobals) = postSolution
		SolutionGuid = {E11ACD1C-0526-468A-9B60-B841EAE69A63}
	EndGlobalSection
EndGlobal
